{
    "name": "com.weatherunderground",
    "version": "4.0.9",
    "lockfileVersion": 3,
    "requires": true,
    "packages": {
        "": {
            "name": "com.weatherunderground",
            "version": "4.0.9",
            "license": "GPL-3.0",
            "dependencies": {
                "nodemailer": "^7.0.11"
            }
        },
        "node_modules/nodemailer": {
            "version": "7.0.13",
            "resolved": "https://registry.npmjs.org/nodemailer/-/nodemailer-7.0.13.tgz",
            "integrity": "sha512-PNDFSJdP+KFgdsG3ZzMXCgquO7I6McjY2vlqILjtJd0hy8wEvtugS9xKRF2NWlPNGxvLCXlTNIae4serI7dinw==",
            "license": "MIT-0",
            "engines": {
                "node": ">=6.0.0"
            }
        }
    }
}
