{
    "name": "com.weatherunderground",
    "version": "3.0.13",
    "lockfileVersion": 3,
    "requires": true,
    "packages": {
        "": {
            "name": "com.weatherunderground",
            "version": "3.0.13",
            "license": "GPL-3.0",
            "dependencies": {
                "nodemailer": "^6.5.0"
            }
        },
        "node_modules/nodemailer": {
            "version": "6.9.14",
            "resolved": "https://registry.npmjs.org/nodemailer/-/nodemailer-6.9.14.tgz",
            "integrity": "sha512-Dobp/ebDKBvz91sbtRKhcznLThrKxKt97GI2FAlAyy+fk19j73Uz3sBXolVtmcXjaorivqsbbbjDY+Jkt4/bQA==",
            "engines": {
                "node": ">=6.0.0"
            }
        }
    }
}
